
Microsoft Visual Studio Solution File, Format Version 10.00
# Visual Studio 2008
Project("{FAE04EC0-301F-11D3-BF4B-00C04F79EFBC}") = "AStar Search", "AStar Search\AStar Search.csproj", "{6433DD6B-0B86-433D-9164-60A74C80EDC8}"
EndProject
Global
	GlobalSection(SolutionConfigurationPlatforms) = preSolution
		Debug|Any CPU = Debug|Any CPU
		Release|Any CPU = Release|Any CPU
	EndGlobalSection
	GlobalSection(ProjectConfigurationPlatforms) = postSolution
		{6433DD6B-0B86-433D-9164-60A74C80EDC8}.Debug|Any CPU.ActiveCfg = Debug|Any CPU
		{6433DD6B-0B86-433D-9164-60A74C80EDC8}.Debug|Any CPU.Build.0 = Debug|Any CPU
		{6433DD6B-0B86-433D-9164-60A74C80EDC8}.Release|Any CPU.ActiveCfg = Release|Any CPU
		{6433DD6B-0B86-433D-9164-60A74C80EDC8}.Release|Any CPU.Build.0 = Release|Any CPU
	EndGlobalSection
	GlobalSection(SolutionProperties) = preSolution
		HideSolutionNode = FALSE
	EndGlobalSection
EndGlobal
