
Microsoft Visual Studio Solution File, Format Version 12.00
# Visual Studio Version 16
VisualStudioVersion = 16.0.29806.167
MinimumVisualStudioVersion = 10.0.40219.1
Project("{8BC9CEB8-8B4A-11D0-8D11-00A0C91BC942}") = "CSCI268_Assignment6", "CSCI268_Assignment6\CSCI268_Assignment6.vcxproj", "{5C560BC5-AD4D-4E94-9AAC-B50245BFB929}"
EndProject
Global
	GlobalSection(SolutionConfigurationPlatforms) = preSolution
		Debug|x86 = Debug|x86
		Release|x86 = Release|x86
	EndGlobalSection
	GlobalSection(ProjectConfigurationPlatforms) = postSolution
		{5C560BC5-AD4D-4E94-9AAC-B50245BFB929}.Debug|x86.ActiveCfg = Debug|Win32
		{5C560BC5-AD4D-4E94-9AAC-B50245BFB929}.Debug|x86.Build.0 = Debug|Win32
		{5C560BC5-AD4D-4E94-9AAC-B50245BFB929}.Release|x86.ActiveCfg = Release|Win32
		{5C560BC5-AD4D-4E94-9AAC-B50245BFB929}.Release|x86.Build.0 = Release|Win32
	EndGlobalSection
	GlobalSection(SolutionProperties) = preSolution
		HideSolutionNode = FALSE
	EndGlobalSection
	GlobalSection(ExtensibilityGlobals) = postSolution
		SolutionGuid = {DC74F029-714C-42B9-B5EB-BA301EABBDB6}
	EndGlobalSection
EndGlobal
